// !$*UTF8*$!
{
	archiveVersion = 1;
	classes = {
	};
	objectVersion = 50;
	objects = {

/* Begin PBXBuildFile section */
		EF083B9D26D18B65009B0B20 /* Choord.swift in Sources */ = {isa = PBXBuildFile; fileRef = EF083B9C26D18B65009B0B20 /* Choord.swift */; };
		EF083B9F26D18E94009B0B20 /* Row.swift in Sources */ = {isa = PBXBuildFile; fileRef = EF083B9E26D18E94009B0B20 /* Row.swift */; };
		EF083BA526D1B590009B0B20 /* whenHovered.swift in Sources */ = {isa = PBXBuildFile; fileRef = EF083BA426D1B590009B0B20 /* whenHovered.swift */; };
		EF083BA726D25EFF009B0B20 /* Dot.swift in Sources */ = {isa = PBXBuildFile; fileRef = EF083BA626D25EFF009B0B20 /* Dot.swift */; };
		EF083BA926D261A2009B0B20 /* MajorChoords.swift in Sources */ = {isa = PBXBuildFile; fileRef = EF083BA826D261A2009B0B20 /* MajorChoords.swift */; };
		EF083BAB26D261B9009B0B20 /* SubdominantChoords.swift in Sources */ = {isa = PBXBuildFile; fileRef = EF083BAA26D261B9009B0B20 /* SubdominantChoords.swift */; };
		EF083BAD26D261D5009B0B20 /* Arrangement.swift in Sources */ = {isa = PBXBuildFile; fileRef = EF083BAC26D261D5009B0B20 /* Arrangement.swift */; };
		EF083BAF26D2620A009B0B20 /* MinorChoords.swift in Sources */ = {isa = PBXBuildFile; fileRef = EF083BAE26D2620A009B0B20 /* MinorChoords.swift */; };
		EF4E451826D12A0C0009A63F /* Chord_RulerApp.swift in Sources */ = {isa = PBXBuildFile; fileRef = EF4E451726D12A0C0009A63F /* Chord_RulerApp.swift */; };
		EF4E451A26D12A0C0009A63F /* ContentView.swift in Sources */ = {isa = PBXBuildFile; fileRef = EF4E451926D12A0C0009A63F /* ContentView.swift */; };
		EF4E451C26D12A0D0009A63F /* Assets.xcassets in Resources */ = {isa = PBXBuildFile; fileRef = EF4E451B26D12A0D0009A63F /* Assets.xcassets */; };
		EF4E451F26D12A0D0009A63F /* Preview Assets.xcassets in Resources */ = {isa = PBXBuildFile; fileRef = EF4E451E26D12A0D0009A63F /* Preview Assets.xcassets */; };
/* End PBXBuildFile section */

/* Begin PBXFileReference section */
		EF083B9C26D18B65009B0B20 /* Choord.swift */ = {isa = PBXFileReference; lastKnownFileType = sourcecode.swift; path = Choord.swift; sourceTree = "<group>"; };
		EF083B9E26D18E94009B0B20 /* Row.swift */ = {isa = PBXFileReference; lastKnownFileType = sourcecode.swift; path = Row.swift; sourceTree = "<group>"; };
		EF083BA426D1B590009B0B20 /* whenHovered.swift */ = {isa = PBXFileReference; lastKnownFileType = sourcecode.swift; path = whenHovered.swift; sourceTree = "<group>"; };
		EF083BA626D25EFF009B0B20 /* Dot.swift */ = {isa = PBXFileReference; lastKnownFileType = sourcecode.swift; path = Dot.swift; sourceTree = "<group>"; };
		EF083BA826D261A2009B0B20 /* MajorChoords.swift */ = {isa = PBXFileReference; lastKnownFileType = sourcecode.swift; path = MajorChoords.swift; sourceTree = "<group>"; };
		EF083BAA26D261B9009B0B20 /* SubdominantChoords.swift */ = {isa = PBXFileReference; lastKnownFileType = sourcecode.swift; path = SubdominantChoords.swift; sourceTree = "<group>"; };
		EF083BAC26D261D5009B0B20 /* Arrangement.swift */ = {isa = PBXFileReference; lastKnownFileType = sourcecode.swift; path = Arrangement.swift; sourceTree = "<group>"; };
		EF083BAE26D2620A009B0B20 /* MinorChoords.swift */ = {isa = PBXFileReference; lastKnownFileType = sourcecode.swift; path = MinorChoords.swift; sourceTree = "<group>"; };
		EF4E451426D12A0C0009A63F /* Chord Ruler.app */ = {isa = PBXFileReference; explicitFileType = wrapper.application; includeInIndex = 0; path = "Chord Ruler.app"; sourceTree = BUILT_PRODUCTS_DIR; };
		EF4E451726D12A0C0009A63F /* Chord_RulerApp.swift */ = {isa = PBXFileReference; lastKnownFileType = sourcecode.swift; path = Chord_RulerApp.swift; sourceTree = "<group>"; };
		EF4E451926D12A0C0009A63F /* ContentView.swift */ = {isa = PBXFileReference; lastKnownFileType = sourcecode.swift; path = ContentView.swift; sourceTree = "<group>"; };
		EF4E451B26D12A0D0009A63F /* Assets.xcassets */ = {isa = PBXFileReference; lastKnownFileType = folder.assetcatalog; path = Assets.xcassets; sourceTree = "<group>"; };
		EF4E451E26D12A0D0009A63F /* Preview Assets.xcassets */ = {isa = PBXFileReference; lastKnownFileType = folder.assetcatalog; path = "Preview Assets.xcassets"; sourceTree = "<group>"; };
		EF4E452026D12A0D0009A63F /* Info.plist */ = {isa = PBXFileReference; lastKnownFileType = text.plist.xml; path = Info.plist; sourceTree = "<group>"; };
		EF4E452126D12A0D0009A63F /* Chord_Ruler.entitlements */ = {isa = PBXFileReference; lastKnownFileType = text.plist.entitlements; path = Chord_Ruler.entitlements; sourceTree = "<group>"; };
/* End PBXFileReference section */

/* Begin PBXFrameworksBuildPhase section */
		EF4E451126D12A0C0009A63F /* Frameworks */ = {
			isa = PBXFrameworksBuildPhase;
			buildActionMask = 2147483647;
			files = (
			);
			runOnlyForDeploymentPostprocessing = 0;
		};
/* End PBXFrameworksBuildPhase section */

/* Begin PBXGroup section */
		EF083B9B26D18B56009B0B20 /* Structs */ = {
			isa = PBXGroup;
			children = (
				EF083B9C26D18B65009B0B20 /* Choord.swift */,
				EF083B9E26D18E94009B0B20 /* Row.swift */,
				EF083BA626D25EFF009B0B20 /* Dot.swift */,
				EF083BAC26D261D5009B0B20 /* Arrangement.swift */,
			);
			path = Structs;
			sourceTree = "<group>";
		};
		EF083BA026D1AB82009B0B20 /* Choords */ = {
			isa = PBXGroup;
			children = (
				EF083BA826D261A2009B0B20 /* MajorChoords.swift */,
				EF083BAA26D261B9009B0B20 /* SubdominantChoords.swift */,
				EF083BAE26D2620A009B0B20 /* MinorChoords.swift */,
			);
			path = Choords;
			sourceTree = "<group>";
		};
		EF083BA326D1B585009B0B20 /* Extensions */ = {
			isa = PBXGroup;
			children = (
				EF083BA426D1B590009B0B20 /* whenHovered.swift */,
			);
			path = Extensions;
			sourceTree = "<group>";
		};
		EF4E450B26D12A0C0009A63F = {
			isa = PBXGroup;
			children = (
				EF4E451626D12A0C0009A63F /* Chord Ruler */,
				EF4E451526D12A0C0009A63F /* Products */,
			);
			sourceTree = "<group>";
		};
		EF4E451526D12A0C0009A63F /* Products */ = {
			isa = PBXGroup;
			children = (
				EF4E451426D12A0C0009A63F /* Chord Ruler.app */,
			);
			name = Products;
			sourceTree = "<group>";
		};
		EF4E451626D12A0C0009A63F /* Chord Ruler */ = {
			isa = PBXGroup;
			children = (
				EF083BA326D1B585009B0B20 /* Extensions */,
				EF083BA026D1AB82009B0B20 /* Choords */,
				EF083B9B26D18B56009B0B20 /* Structs */,
				EF4E451726D12A0C0009A63F /* Chord_RulerApp.swift */,
				EF4E451926D12A0C0009A63F /* ContentView.swift */,
				EF4E451B26D12A0D0009A63F /* Assets.xcassets */,
				EF4E452026D12A0D0009A63F /* Info.plist */,
				EF4E452126D12A0D0009A63F /* Chord_Ruler.entitlements */,
				EF4E451D26D12A0D0009A63F /* Preview Content */,
			);
			path = "Chord Ruler";
			sourceTree = "<group>";
		};
		EF4E451D26D12A0D0009A63F /* Preview Content */ = {
			isa = PBXGroup;
			children = (
				EF4E451E26D12A0D0009A63F /* Preview Assets.xcassets */,
			);
			path = "Preview Content";
			sourceTree = "<group>";
		};
/* End PBXGroup section */

/* Begin PBXNativeTarget section */
		EF4E451326D12A0C0009A63F /* Chord Ruler */ = {
			isa = PBXNativeTarget;
			buildConfigurationList = EF4E452426D12A0D0009A63F /* Build configuration list for PBXNativeTarget "Chord Ruler" */;
			buildPhases = (
				EF4E451026D12A0C0009A63F /* Sources */,
				EF4E451126D12A0C0009A63F /* Frameworks */,
				EF4E451226D12A0C0009A63F /* Resources */,
			);
			buildRules = (
			);
			dependencies = (
			);
			name = "Chord Ruler";
			productName = "Chord Ruler";
			productReference = EF4E451426D12A0C0009A63F /* Chord Ruler.app */;
			productType = "com.apple.product-type.application";
		};
/* End PBXNativeTarget section */

/* Begin PBXProject section */
		EF4E450C26D12A0C0009A63F /* Project object */ = {
			isa = PBXProject;
			attributes = {
				LastSwiftUpdateCheck = 1250;
				LastUpgradeCheck = 1250;
				TargetAttributes = {
					EF4E451326D12A0C0009A63F = {
						CreatedOnToolsVersion = 12.5.1;
					};
				};
			};
			buildConfigurationList = EF4E450F26D12A0C0009A63F /* Build configuration list for PBXProject "Chord Ruler" */;
			compatibilityVersion = "Xcode 9.3";
			developmentRegion = en;
			hasScannedForEncodings = 0;
			knownRegions = (
				en,
				Base,
			);
			mainGroup = EF4E450B26D12A0C0009A63F;
			productRefGroup = EF4E451526D12A0C0009A63F /* Products */;
			projectDirPath = "";
			projectRoot = "";
			targets = (
				EF4E451326D12A0C0009A63F /* Chord Ruler */,
			);
		};
/* End PBXProject section */

/* Begin PBXResourcesBuildPhase section */
		EF4E451226D12A0C0009A63F /* Resources */ = {
			isa = PBXResourcesBuildPhase;
			buildActionMask = 2147483647;
			files = (
				EF4E451F26D12A0D0009A63F /* Preview Assets.xcassets in Resources */,
				EF4E451C26D12A0D0009A63F /* Assets.xcassets in Resources */,
			);
			runOnlyForDeploymentPostprocessing = 0;
		};
/* End PBXResourcesBuildPhase section */

/* Begin PBXSourcesBuildPhase section */
		EF4E451026D12A0C0009A63F /* Sources */ = {
			isa = PBXSourcesBuildPhase;
			buildActionMask = 2147483647;
			files = (
				EF083BAF26D2620A009B0B20 /* MinorChoords.swift in Sources */,
				EF083B9F26D18E94009B0B20 /* Row.swift in Sources */,
				EF083BAB26D261B9009B0B20 /* SubdominantChoords.swift in Sources */,
				EF083BAD26D261D5009B0B20 /* Arrangement.swift in Sources */,
				EF4E451A26D12A0C0009A63F /* ContentView.swift in Sources */,
				EF083BA726D25EFF009B0B20 /* Dot.swift in Sources */,
				EF083BA526D1B590009B0B20 /* whenHovered.swift in Sources */,
				EF4E451826D12A0C0009A63F /* Chord_RulerApp.swift in Sources */,
				EF083BA926D261A2009B0B20 /* MajorChoords.swift in Sources */,
				EF083B9D26D18B65009B0B20 /* Choord.swift in Sources */,
			);
			runOnlyForDeploymentPostprocessing = 0;
		};
/* End PBXSourcesBuildPhase section */

/* Begin XCBuildConfiguration section */
		EF4E452226D12A0D0009A63F /* Debug */ = {
			isa = XCBuildConfiguration;
			buildSettings = {
				ALWAYS_SEARCH_USER_PATHS = NO;
				CLANG_ANALYZER_NONNULL = YES;
				CLANG_ANALYZER_NUMBER_OBJECT_CONVERSION = YES_AGGRESSIVE;
				CLANG_CXX_LANGUAGE_STANDARD = "gnu++14";
				CLANG_CXX_LIBRARY = "libc++";
				CLANG_ENABLE_MODULES = YES;
				CLANG_ENABLE_OBJC_ARC = YES;
				CLANG_ENABLE_OBJC_WEAK = YES;
				CLANG_WARN_BLOCK_CAPTURE_AUTORELEASING = YES;
				CLANG_WARN_BOOL_CONVERSION = YES;
				CLANG_WARN_COMMA = YES;
				CLANG_WARN_CONSTANT_CONVERSION = YES;
				CLANG_WARN_DEPRECATED_OBJC_IMPLEMENTATIONS = YES;
				CLANG_WARN_DIRECT_OBJC_ISA_USAGE = YES_ERROR;
				CLANG_WARN_DOCUMENTATION_COMMENTS = YES;
				CLANG_WARN_EMPTY_BODY = YES;
				CLANG_WARN_ENUM_CONVERSION = YES;
				CLANG_WARN_INFINITE_RECURSION = YES;
				CLANG_WARN_INT_CONVERSION = YES;
				CLANG_WARN_NON_LITERAL_NULL_CONVERSION = YES;
				CLANG_WARN_OBJC_IMPLICIT_RETAIN_SELF = YES;
				CLANG_WARN_OBJC_LITERAL_CONVERSION = YES;
				CLANG_WARN_OBJC_ROOT_CLASS = YES_ERROR;
				CLANG_WARN_QUOTED_INCLUDE_IN_FRAMEWORK_HEADER = YES;
				CLANG_WARN_RANGE_LOOP_ANALYSIS = YES;
				CLANG_WARN_STRICT_PROTOTYPES = YES;
				CLANG_WARN_SUSPICIOUS_MOVE = YES;
				CLANG_WARN_UNGUARDED_AVAILABILITY = YES_AGGRESSIVE;
				CLANG_WARN_UNREACHABLE_CODE = YES;
				CLANG_WARN__DUPLICATE_METHOD_MATCH = YES;
				COPY_PHASE_STRIP = NO;
				DEBUG_INFORMATION_FORMAT = dwarf;
				ENABLE_STRICT_OBJC_MSGSEND = YES;
				ENABLE_TESTABILITY = YES;
				GCC_C_LANGUAGE_STANDARD = gnu11;
				GCC_DYNAMIC_NO_PIC = NO;
				GCC_NO_COMMON_BLOCKS = YES;
				GCC_OPTIMIZATION_LEVEL = 0;
				GCC_PREPROCESSOR_DEFINITIONS = (
					"DEBUG=1",
					"$(inherited)",
				);
				GCC_WARN_64_TO_32_BIT_CONVERSION = YES;
				GCC_WARN_ABOUT_RETURN_TYPE = YES_ERROR;
				GCC_WARN_UNDECLARED_SELECTOR = YES;
				GCC_WARN_UNINITIALIZED_AUTOS = YES_AGGRESSIVE;
				GCC_WARN_UNUSED_FUNCTION = YES;
				GCC_WARN_UNUSED_VARIABLE = YES;
				MACOSX_DEPLOYMENT_TARGET = 11.3;
				MTL_ENABLE_DEBUG_INFO = INCLUDE_SOURCE;
				MTL_FAST_MATH = YES;
				ONLY_ACTIVE_ARCH = YES;
				SDKROOT = macosx;
				SWIFT_ACTIVE_COMPILATION_CONDITIONS = DEBUG;
				SWIFT_OPTIMIZATION_LEVEL = "-Onone";
			};
			name = Debug;
		};
		EF4E452326D12A0D0009A63F /* Release */ = {
			isa = XCBuildConfiguration;
			buildSettings = {
				ALWAYS_SEARCH_USER_PATHS = NO;
				CLANG_ANALYZER_NONNULL = YES;
				CLANG_ANALYZER_NUMBER_OBJECT_CONVERSION = YES_AGGRESSIVE;
				CLANG_CXX_LANGUAGE_STANDARD = "gnu++14";
				CLANG_CXX_LIBRARY = "libc++";
				CLANG_ENABLE_MODULES = YES;
				CLANG_ENABLE_OBJC_ARC = YES;
				CLANG_ENABLE_OBJC_WEAK = YES;
				CLANG_WARN_BLOCK_CAPTURE_AUTORELEASING = YES;
				CLANG_WARN_BOOL_CONVERSION = YES;
				CLANG_WARN_COMMA = YES;
				CLANG_WARN_CONSTANT_CONVERSION = YES;
				CLANG_WARN_DEPRECATED_OBJC_IMPLEMENTATIONS = YES;
				CLANG_WARN_DIRECT_OBJC_ISA_USAGE = YES_ERROR;
				CLANG_WARN_DOCUMENTATION_COMMENTS = YES;
				CLANG_WARN_EMPTY_BODY = YES;
				CLANG_WARN_ENUM_CONVERSION = YES;
				CLANG_WARN_INFINITE_RECURSION = YES;
				CLANG_WARN_INT_CONVERSION = YES;
				CLANG_WARN_NON_LITERAL_NULL_CONVERSION = YES;
				CLANG_WARN_OBJC_IMPLICIT_RETAIN_SELF = YES;
				CLANG_WARN_OBJC_LITERAL_CONVERSION = YES;
				CLANG_WARN_OBJC_ROOT_CLASS = YES_ERROR;
				CLANG_WARN_QUOTED_INCLUDE_IN_FRAMEWORK_HEADER = YES;
				CLANG_WARN_RANGE_LOOP_ANALYSIS = YES;
				CLANG_WARN_STRICT_PROTOTYPES = YES;
				CLANG_WARN_SUSPICIOUS_MOVE = YES;
				CLANG_WARN_UNGUARDED_AVAILABILITY = YES_AGGRESSIVE;
				CLANG_WARN_UNREACHABLE_CODE = YES;
				CLANG_WARN__DUPLICATE_METHOD_MATCH = YES;
				COPY_PHASE_STRIP = NO;
				DEBUG_INFORMATION_FORMAT = "dwarf-with-dsym";
				ENABLE_NS_ASSERTIONS = NO;
				ENABLE_STRICT_OBJC_MSGSEND = YES;
				GCC_C_LANGUAGE_STANDARD = gnu11;
				GCC_NO_COMMON_BLOCKS = YES;
				GCC_WARN_64_TO_32_BIT_CONVERSION = YES;
				GCC_WARN_ABOUT_RETURN_TYPE = YES_ERROR;
				GCC_WARN_UNDECLARED_SELECTOR = YES;
				GCC_WARN_UNINITIALIZED_AUTOS = YES_AGGRESSIVE;
				GCC_WARN_UNUSED_FUNCTION = YES;
				GCC_WARN_UNUSED_VARIABLE = YES;
				MACOSX_DEPLOYMENT_TARGET = 11.3;
				MTL_ENABLE_DEBUG_INFO = NO;
				MTL_FAST_MATH = YES;
				SDKROOT = macosx;
				SWIFT_COMPILATION_MODE = wholemodule;
				SWIFT_OPTIMIZATION_LEVEL = "-O";
			};
			name = Release;
		};
		EF4E452526D12A0D0009A63F /* Debug */ = {
			isa = XCBuildConfiguration;
			buildSettings = {
				ASSETCATALOG_COMPILER_APPICON_NAME = AppIcon;
				ASSETCATALOG_COMPILER_GLOBAL_ACCENT_COLOR_NAME = AccentColor;
				CODE_SIGN_ENTITLEMENTS = "Chord Ruler/Chord_Ruler.entitlements";
				CODE_SIGN_STYLE = Automatic;
				COMBINE_HIDPI_IMAGES = YES;
				DEVELOPMENT_ASSET_PATHS = "\"Chord Ruler/Preview Content\"";
				DEVELOPMENT_TEAM = HC784924PR;
				ENABLE_HARDENED_RUNTIME = YES;
				ENABLE_PREVIEWS = YES;
				INFOPLIST_FILE = "Chord Ruler/Info.plist";
				LD_RUNPATH_SEARCH_PATHS = (
					"$(inherited)",
					"@executable_path/../Frameworks",
				);
				MACOSX_DEPLOYMENT_TARGET = 11.3;
				PRODUCT_BUNDLE_IDENTIFIER = se.databeams.chordruler;
				PRODUCT_NAME = "$(TARGET_NAME)";
				SWIFT_VERSION = 5.0;
			};
			name = Debug;
		};
		EF4E452626D12A0D0009A63F /* Release */ = {
			isa = XCBuildConfiguration;
			buildSettings = {
				ASSETCATALOG_COMPILER_APPICON_NAME = AppIcon;
				ASSETCATALOG_COMPILER_GLOBAL_ACCENT_COLOR_NAME = AccentColor;
				CODE_SIGN_ENTITLEMENTS = "Chord Ruler/Chord_Ruler.entitlements";
				CODE_SIGN_STYLE = Automatic;
				COMBINE_HIDPI_IMAGES = YES;
				DEVELOPMENT_ASSET_PATHS = "\"Chord Ruler/Preview Content\"";
				DEVELOPMENT_TEAM = HC784924PR;
				ENABLE_HARDENED_RUNTIME = YES;
				ENABLE_PREVIEWS = YES;
				INFOPLIST_FILE = "Chord Ruler/Info.plist";
				LD_RUNPATH_SEARCH_PATHS = (
					"$(inherited)",
					"@executable_path/../Frameworks",
				);
				MACOSX_DEPLOYMENT_TARGET = 11.3;
				PRODUCT_BUNDLE_IDENTIFIER = se.databeams.chordruler;
				PRODUCT_NAME = "$(TARGET_NAME)";
				SWIFT_VERSION = 5.0;
			};
			name = Release;
		};
/* End XCBuildConfiguration section */

/* Begin XCConfigurationList section */
		EF4E450F26D12A0C0009A63F /* Build configuration list for PBXProject "Chord Ruler" */ = {
			isa = XCConfigurationList;
			buildConfigurations = (
				EF4E452226D12A0D0009A63F /* Debug */,
				EF4E452326D12A0D0009A63F /* Release */,
			);
			defaultConfigurationIsVisible = 0;
			defaultConfigurationName = Release;
		};
		EF4E452426D12A0D0009A63F /* Build configuration list for PBXNativeTarget "Chord Ruler" */ = {
			isa = XCConfigurationList;
			buildConfigurations = (
				EF4E452526D12A0D0009A63F /* Debug */,
				EF4E452626D12A0D0009A63F /* Release */,
			);
			defaultConfigurationIsVisible = 0;
			defaultConfigurationName = Release;
		};
/* End XCConfigurationList section */
	};
	rootObject = EF4E450C26D12A0C0009A63F /* Project object */;
}
